
Microsoft Visual Studio Solution File, Format Version 12.00
# Visual Studio Version 16
VisualStudioVersion = 16.0.31112.23
MinimumVisualStudioVersion = 10.0.40219.1
Project("{2150E333-8FDC-42A3-9474-1A3956D46DE8}") = "Microservices", "Microservices", "{39B04F98-2D73-4985-B55A-DA31632CD6E4}"
EndProject
Project("{2150E333-8FDC-42A3-9474-1A3956D46DE8}") = "Domain", "Domain", "{7168250C-6AA3-4F4E-9A7C-9CB6F630F9FD}"
EndProject
Project("{2150E333-8FDC-42A3-9474-1A3956D46DE8}") = "Infra.Bus", "Infra.Bus", "{5F9D40E9-1F0E-4980-890B-6952D085F9F9}"
EndProject
Project("{2150E333-8FDC-42A3-9474-1A3956D46DE8}") = "Infra.IoC", "Infra.IoC", "{95D3F6DA-CA0D-47A1-9EB6-F39733354FEB}"
EndProject
Project("{2150E333-8FDC-42A3-9474-1A3956D46DE8}") = "Presentation", "Presentation", "{2CEB43D5-DD39-4089-B303-AD34DD24E3C9}"
EndProject
Project("{FAE04EC0-301F-11D3-BF4B-00C04F79EFBC}") = "MicroRabbit.Domain.Core", "MicroRabbit.Domain.Core\MicroRabbit.Domain.Core.csproj", "{0C9E8E97-D35C-4C20-885A-E98F96568081}"
EndProject
Project("{FAE04EC0-301F-11D3-BF4B-00C04F79EFBC}") = "MicroRabbit.Infra.Bus", "MicroRabbit.Infra.Bus\MicroRabbit.Infra.Bus.csproj", "{A8999E3F-DC58-4362-9E6E-F9975C68EF6B}"
EndProject
Global
	GlobalSection(SolutionConfigurationPlatforms) = preSolution
		Debug|Any CPU = Debug|Any CPU
		Release|Any CPU = Release|Any CPU
	EndGlobalSection
	GlobalSection(ProjectConfigurationPlatforms) = postSolution
		{0C9E8E97-D35C-4C20-885A-E98F96568081}.Debug|Any CPU.ActiveCfg = Debug|Any CPU
		{0C9E8E97-D35C-4C20-885A-E98F96568081}.Debug|Any CPU.Build.0 = Debug|Any CPU
		{0C9E8E97-D35C-4C20-885A-E98F96568081}.Release|Any CPU.ActiveCfg = Release|Any CPU
		{0C9E8E97-D35C-4C20-885A-E98F96568081}.Release|Any CPU.Build.0 = Release|Any CPU
		{A8999E3F-DC58-4362-9E6E-F9975C68EF6B}.Debug|Any CPU.ActiveCfg = Debug|Any CPU
		{A8999E3F-DC58-4362-9E6E-F9975C68EF6B}.Debug|Any CPU.Build.0 = Debug|Any CPU
		{A8999E3F-DC58-4362-9E6E-F9975C68EF6B}.Release|Any CPU.ActiveCfg = Release|Any CPU
		{A8999E3F-DC58-4362-9E6E-F9975C68EF6B}.Release|Any CPU.Build.0 = Release|Any CPU
	EndGlobalSection
	GlobalSection(SolutionProperties) = preSolution
		HideSolutionNode = FALSE
	EndGlobalSection
	GlobalSection(NestedProjects) = preSolution
		{0C9E8E97-D35C-4C20-885A-E98F96568081} = {7168250C-6AA3-4F4E-9A7C-9CB6F630F9FD}
		{A8999E3F-DC58-4362-9E6E-F9975C68EF6B} = {5F9D40E9-1F0E-4980-890B-6952D085F9F9}
	EndGlobalSection
	GlobalSection(ExtensibilityGlobals) = postSolution
		SolutionGuid = {ABA62CBF-330C-4AE9-892B-F0D653B51319}
	EndGlobalSection
EndGlobal
