
Microsoft Visual Studio Solution File, Format Version 12.00
# Visual Studio Version 16
VisualStudioVersion = 16.0.31112.23
MinimumVisualStudioVersion = 10.0.40219.1
Project("{2150E333-8FDC-42A3-9474-1A3956D46DE8}") = "Microservices", "Microservices", "{39B04F98-2D73-4985-B55A-DA31632CD6E4}"
EndProject
Project("{2150E333-8FDC-42A3-9474-1A3956D46DE8}") = "Domain", "Domain", "{7168250C-6AA3-4F4E-9A7C-9CB6F630F9FD}"
EndProject
Project("{2150E333-8FDC-42A3-9474-1A3956D46DE8}") = "Infra.Bus", "Infra.Bus", "{5F9D40E9-1F0E-4980-890B-6952D085F9F9}"
EndProject
Project("{2150E333-8FDC-42A3-9474-1A3956D46DE8}") = "Infra.IoC", "Infra.IoC", "{95D3F6DA-CA0D-47A1-9EB6-F39733354FEB}"
EndProject
Project("{2150E333-8FDC-42A3-9474-1A3956D46DE8}") = "Presentation", "Presentation", "{2CEB43D5-DD39-4089-B303-AD34DD24E3C9}"
EndProject
Project("{9A19103F-16F7-4668-BE54-9A1E7A4F7556}") = "MicroRabbit.Domain.Core", "MicroRabbit.Domain.Core\MicroRabbit.Domain.Core.csproj", "{0C9E8E97-D35C-4C20-885A-E98F96568081}"
EndProject
Project("{9A19103F-16F7-4668-BE54-9A1E7A4F7556}") = "MicroRabbit.Infra.Bus", "MicroRabbit.Infra.Bus\MicroRabbit.Infra.Bus.csproj", "{A8999E3F-DC58-4362-9E6E-F9975C68EF6B}"
EndProject
Project("{9A19103F-16F7-4668-BE54-9A1E7A4F7556}") = "MicroRabbit.Infra.IoC", "MicroRabbit.Infra.IoC\MicroRabbit.Infra.IoC.csproj", "{97CC24FB-1550-415B-AF3E-B11A5F2D8A1A}"
EndProject
Project("{2150E333-8FDC-42A3-9474-1A3956D46DE8}") = "Banking", "Banking", "{924099DE-16FD-4B25-9DE0-1336F1F6E663}"
EndProject
Project("{2150E333-8FDC-42A3-9474-1A3956D46DE8}") = "Api", "Api", "{28F1F69E-2510-438D-A568-68AB55547507}"
EndProject
Project("{2150E333-8FDC-42A3-9474-1A3956D46DE8}") = "Domain", "Domain", "{AD55F117-8DF1-4472-8E49-6C32FC8C1C24}"
EndProject
Project("{2150E333-8FDC-42A3-9474-1A3956D46DE8}") = "Application", "Application", "{689E7E61-B0B8-4A9F-902F-DECE6E1E87EE}"
EndProject
Project("{2150E333-8FDC-42A3-9474-1A3956D46DE8}") = "Data", "Data", "{3D94492C-FFFA-4127-9183-56B2BB59467D}"
EndProject
Project("{9A19103F-16F7-4668-BE54-9A1E7A4F7556}") = "MicroRabbit.Banking.Api", "MicroRabbit.Banking.Api\MicroRabbit.Banking.Api.csproj", "{29A7F157-29CD-4C2B-A717-D4A9874174F9}"
EndProject
Project("{9A19103F-16F7-4668-BE54-9A1E7A4F7556}") = "MicroRabbit.Banking.Application", "MicroRabbit.Banking.Application\MicroRabbit.Banking.Application.csproj", "{8D0DD5C1-D2FC-424E-A831-119B15BB44FC}"
EndProject
Project("{9A19103F-16F7-4668-BE54-9A1E7A4F7556}") = "MicroRabbit.Banking.Data", "MicroRabbit.Banking.Data\MicroRabbit.Banking.Data.csproj", "{A0857655-092E-495A-8516-3674B19D311F}"
EndProject
Project("{9A19103F-16F7-4668-BE54-9A1E7A4F7556}") = "MicroRabbit.Banking.Domain", "MicroRabbit.Banking.Domain\MicroRabbit.Banking.Domain.csproj", "{BA76D4CB-10F1-4AD9-8D1A-9C48E9A64634}"
EndProject
Project("{2150E333-8FDC-42A3-9474-1A3956D46DE8}") = "Documentation", "Documentation", "{4ADACDC1-202C-4593-8A13-1DD1A2283370}"
	ProjectSection(SolutionItems) = preProject
		Commands.txt = Commands.txt
	EndProjectSection
EndProject
Project("{2150E333-8FDC-42A3-9474-1A3956D46DE8}") = "Transfer", "Transfer", "{C92D6D18-5FB7-40BB-9960-534609B67FC7}"
EndProject
Project("{2150E333-8FDC-42A3-9474-1A3956D46DE8}") = "Api", "Api", "{E1CC6706-ABB2-45AF-8D71-711241070DAD}"
EndProject
Project("{2150E333-8FDC-42A3-9474-1A3956D46DE8}") = "Application", "Application", "{E3A25FFC-F8F9-409E-8648-495704C7ECA2}"
EndProject
Project("{2150E333-8FDC-42A3-9474-1A3956D46DE8}") = "Data", "Data", "{79F106DA-884C-4247-94C4-E10934EFFF3E}"
EndProject
Project("{2150E333-8FDC-42A3-9474-1A3956D46DE8}") = "Domain", "Domain", "{A7E40981-2CF4-4311-A4B0-41C7A4805523}"
EndProject
Project("{FAE04EC0-301F-11D3-BF4B-00C04F79EFBC}") = "MicroRabbit.Transfer.Api", "MicroRabbit.Transfer.Api\MicroRabbit.Transfer.Api.csproj", "{968B4A46-AB4F-4261-BA2B-E2551B1CC0CC}"
EndProject
Project("{FAE04EC0-301F-11D3-BF4B-00C04F79EFBC}") = "MicroRabit.Transfer.Application", "MicroRabit.Transfer.Application\MicroRabit.Transfer.Application.csproj", "{9DA5178E-C73A-4A3C-BC8D-8D5356783761}"
EndProject
Project("{FAE04EC0-301F-11D3-BF4B-00C04F79EFBC}") = "MicroRabbit.Transfer.Domain", "MicroRabbit.Transfer.Domain\MicroRabbit.Transfer.Domain.csproj", "{59F131A2-7759-429F-9A4B-2D6F7F0AC091}"
EndProject
Project("{FAE04EC0-301F-11D3-BF4B-00C04F79EFBC}") = "MicroRabbit.Transfer.Data", "MicroRabbit.Transfer.Data\MicroRabbit.Transfer.Data.csproj", "{6C51B937-57FC-4AC9-B547-72735087FA00}"
EndProject
Global
	GlobalSection(SolutionConfigurationPlatforms) = preSolution
		Debug|Any CPU = Debug|Any CPU
		Release|Any CPU = Release|Any CPU
	EndGlobalSection
	GlobalSection(ProjectConfigurationPlatforms) = postSolution
		{0C9E8E97-D35C-4C20-885A-E98F96568081}.Debug|Any CPU.ActiveCfg = Debug|Any CPU
		{0C9E8E97-D35C-4C20-885A-E98F96568081}.Debug|Any CPU.Build.0 = Debug|Any CPU
		{0C9E8E97-D35C-4C20-885A-E98F96568081}.Release|Any CPU.ActiveCfg = Release|Any CPU
		{0C9E8E97-D35C-4C20-885A-E98F96568081}.Release|Any CPU.Build.0 = Release|Any CPU
		{A8999E3F-DC58-4362-9E6E-F9975C68EF6B}.Debug|Any CPU.ActiveCfg = Debug|Any CPU
		{A8999E3F-DC58-4362-9E6E-F9975C68EF6B}.Debug|Any CPU.Build.0 = Debug|Any CPU
		{A8999E3F-DC58-4362-9E6E-F9975C68EF6B}.Release|Any CPU.ActiveCfg = Release|Any CPU
		{A8999E3F-DC58-4362-9E6E-F9975C68EF6B}.Release|Any CPU.Build.0 = Release|Any CPU
		{97CC24FB-1550-415B-AF3E-B11A5F2D8A1A}.Debug|Any CPU.ActiveCfg = Debug|Any CPU
		{97CC24FB-1550-415B-AF3E-B11A5F2D8A1A}.Debug|Any CPU.Build.0 = Debug|Any CPU
		{97CC24FB-1550-415B-AF3E-B11A5F2D8A1A}.Release|Any CPU.ActiveCfg = Release|Any CPU
		{97CC24FB-1550-415B-AF3E-B11A5F2D8A1A}.Release|Any CPU.Build.0 = Release|Any CPU
		{29A7F157-29CD-4C2B-A717-D4A9874174F9}.Debug|Any CPU.ActiveCfg = Debug|Any CPU
		{29A7F157-29CD-4C2B-A717-D4A9874174F9}.Debug|Any CPU.Build.0 = Debug|Any CPU
		{29A7F157-29CD-4C2B-A717-D4A9874174F9}.Release|Any CPU.ActiveCfg = Release|Any CPU
		{29A7F157-29CD-4C2B-A717-D4A9874174F9}.Release|Any CPU.Build.0 = Release|Any CPU
		{8D0DD5C1-D2FC-424E-A831-119B15BB44FC}.Debug|Any CPU.ActiveCfg = Debug|Any CPU
		{8D0DD5C1-D2FC-424E-A831-119B15BB44FC}.Debug|Any CPU.Build.0 = Debug|Any CPU
		{8D0DD5C1-D2FC-424E-A831-119B15BB44FC}.Release|Any CPU.ActiveCfg = Release|Any CPU
		{8D0DD5C1-D2FC-424E-A831-119B15BB44FC}.Release|Any CPU.Build.0 = Release|Any CPU
		{A0857655-092E-495A-8516-3674B19D311F}.Debug|Any CPU.ActiveCfg = Debug|Any CPU
		{A0857655-092E-495A-8516-3674B19D311F}.Debug|Any CPU.Build.0 = Debug|Any CPU
		{A0857655-092E-495A-8516-3674B19D311F}.Release|Any CPU.ActiveCfg = Release|Any CPU
		{A0857655-092E-495A-8516-3674B19D311F}.Release|Any CPU.Build.0 = Release|Any CPU
		{BA76D4CB-10F1-4AD9-8D1A-9C48E9A64634}.Debug|Any CPU.ActiveCfg = Debug|Any CPU
		{BA76D4CB-10F1-4AD9-8D1A-9C48E9A64634}.Debug|Any CPU.Build.0 = Debug|Any CPU
		{BA76D4CB-10F1-4AD9-8D1A-9C48E9A64634}.Release|Any CPU.ActiveCfg = Release|Any CPU
		{BA76D4CB-10F1-4AD9-8D1A-9C48E9A64634}.Release|Any CPU.Build.0 = Release|Any CPU
		{968B4A46-AB4F-4261-BA2B-E2551B1CC0CC}.Debug|Any CPU.ActiveCfg = Debug|Any CPU
		{968B4A46-AB4F-4261-BA2B-E2551B1CC0CC}.Debug|Any CPU.Build.0 = Debug|Any CPU
		{968B4A46-AB4F-4261-BA2B-E2551B1CC0CC}.Release|Any CPU.ActiveCfg = Release|Any CPU
		{968B4A46-AB4F-4261-BA2B-E2551B1CC0CC}.Release|Any CPU.Build.0 = Release|Any CPU
		{9DA5178E-C73A-4A3C-BC8D-8D5356783761}.Debug|Any CPU.ActiveCfg = Debug|Any CPU
		{9DA5178E-C73A-4A3C-BC8D-8D5356783761}.Debug|Any CPU.Build.0 = Debug|Any CPU
		{9DA5178E-C73A-4A3C-BC8D-8D5356783761}.Release|Any CPU.ActiveCfg = Release|Any CPU
		{9DA5178E-C73A-4A3C-BC8D-8D5356783761}.Release|Any CPU.Build.0 = Release|Any CPU
		{59F131A2-7759-429F-9A4B-2D6F7F0AC091}.Debug|Any CPU.ActiveCfg = Debug|Any CPU
		{59F131A2-7759-429F-9A4B-2D6F7F0AC091}.Debug|Any CPU.Build.0 = Debug|Any CPU
		{59F131A2-7759-429F-9A4B-2D6F7F0AC091}.Release|Any CPU.ActiveCfg = Release|Any CPU
		{59F131A2-7759-429F-9A4B-2D6F7F0AC091}.Release|Any CPU.Build.0 = Release|Any CPU
		{6C51B937-57FC-4AC9-B547-72735087FA00}.Debug|Any CPU.ActiveCfg = Debug|Any CPU
		{6C51B937-57FC-4AC9-B547-72735087FA00}.Debug|Any CPU.Build.0 = Debug|Any CPU
		{6C51B937-57FC-4AC9-B547-72735087FA00}.Release|Any CPU.ActiveCfg = Release|Any CPU
		{6C51B937-57FC-4AC9-B547-72735087FA00}.Release|Any CPU.Build.0 = Release|Any CPU
	EndGlobalSection
	GlobalSection(SolutionProperties) = preSolution
		HideSolutionNode = FALSE
	EndGlobalSection
	GlobalSection(NestedProjects) = preSolution
		{0C9E8E97-D35C-4C20-885A-E98F96568081} = {7168250C-6AA3-4F4E-9A7C-9CB6F630F9FD}
		{A8999E3F-DC58-4362-9E6E-F9975C68EF6B} = {5F9D40E9-1F0E-4980-890B-6952D085F9F9}
		{97CC24FB-1550-415B-AF3E-B11A5F2D8A1A} = {95D3F6DA-CA0D-47A1-9EB6-F39733354FEB}
		{924099DE-16FD-4B25-9DE0-1336F1F6E663} = {39B04F98-2D73-4985-B55A-DA31632CD6E4}
		{28F1F69E-2510-438D-A568-68AB55547507} = {924099DE-16FD-4B25-9DE0-1336F1F6E663}
		{AD55F117-8DF1-4472-8E49-6C32FC8C1C24} = {924099DE-16FD-4B25-9DE0-1336F1F6E663}
		{689E7E61-B0B8-4A9F-902F-DECE6E1E87EE} = {924099DE-16FD-4B25-9DE0-1336F1F6E663}
		{3D94492C-FFFA-4127-9183-56B2BB59467D} = {924099DE-16FD-4B25-9DE0-1336F1F6E663}
		{29A7F157-29CD-4C2B-A717-D4A9874174F9} = {28F1F69E-2510-438D-A568-68AB55547507}
		{8D0DD5C1-D2FC-424E-A831-119B15BB44FC} = {689E7E61-B0B8-4A9F-902F-DECE6E1E87EE}
		{A0857655-092E-495A-8516-3674B19D311F} = {3D94492C-FFFA-4127-9183-56B2BB59467D}
		{BA76D4CB-10F1-4AD9-8D1A-9C48E9A64634} = {AD55F117-8DF1-4472-8E49-6C32FC8C1C24}
		{C92D6D18-5FB7-40BB-9960-534609B67FC7} = {39B04F98-2D73-4985-B55A-DA31632CD6E4}
		{E1CC6706-ABB2-45AF-8D71-711241070DAD} = {C92D6D18-5FB7-40BB-9960-534609B67FC7}
		{E3A25FFC-F8F9-409E-8648-495704C7ECA2} = {C92D6D18-5FB7-40BB-9960-534609B67FC7}
		{79F106DA-884C-4247-94C4-E10934EFFF3E} = {C92D6D18-5FB7-40BB-9960-534609B67FC7}
		{A7E40981-2CF4-4311-A4B0-41C7A4805523} = {C92D6D18-5FB7-40BB-9960-534609B67FC7}
		{968B4A46-AB4F-4261-BA2B-E2551B1CC0CC} = {E1CC6706-ABB2-45AF-8D71-711241070DAD}
		{9DA5178E-C73A-4A3C-BC8D-8D5356783761} = {E3A25FFC-F8F9-409E-8648-495704C7ECA2}
		{59F131A2-7759-429F-9A4B-2D6F7F0AC091} = {A7E40981-2CF4-4311-A4B0-41C7A4805523}
		{6C51B937-57FC-4AC9-B547-72735087FA00} = {79F106DA-884C-4247-94C4-E10934EFFF3E}
	EndGlobalSection
	GlobalSection(ExtensibilityGlobals) = postSolution
		SolutionGuid = {ABA62CBF-330C-4AE9-892B-F0D653B51319}
	EndGlobalSection
EndGlobal
